
Microsoft Visual Studio Solution File, Format Version 12.00
# Visual Studio Version 17
VisualStudioVersion = 17.14.36414.22
MinimumVisualStudioVersion = 10.0.40219.1
Project("{2150E333-8FDC-42A3-9474-1A3956D46DE8}") = "Task0", "Task0", "{02EA681E-C7D8-13C7-8484-4AC65E1B71E8}"
EndProject
Project("{FAE04EC0-301F-11D3-BF4B-00C04F79EFBC}") = "Tyuiu.ArkhipovaMD.Sprint3.Task0.V27.Lib", "Tyuiu.ArkhipovaMD.Sprint3.Task0.V27.Lib\Tyuiu.ArkhipovaMD.Sprint3.Task0.V27.Lib.csproj", "{6993D2A6-C7AC-4A39-BCCC-EE6625EE3A7C}"
EndProject
Project("{FAE04EC0-301F-11D3-BF4B-00C04F79EFBC}") = "Tyuiu.ArkhipovaMD.Sprint3.Task0.V27.Test", "Tyuiu.ArkhipovaMD.Sprint3.Task0.V27.Test\Tyuiu.ArkhipovaMD.Sprint3.Task0.V27.Test.csproj", "{3C3470E6-F3B2-4553-BF2E-E0571EC7CB2A}"
EndProject
Project("{FAE04EC0-301F-11D3-BF4B-00C04F79EFBC}") = "Tyuiu.ArkhipovaMD.Sprint3.Task0.V27", "Tyuiu.ArkhipovaMD.Sprint3.Task0.V27\Tyuiu.ArkhipovaMD.Sprint3.Task0.V27.csproj", "{88EEBBD7-A342-40AA-9B90-2A0F43FDDFBC}"
EndProject
Global
	GlobalSection(SolutionConfigurationPlatforms) = preSolution
		Debug|Any CPU = Debug|Any CPU
		Release|Any CPU = Release|Any CPU
	EndGlobalSection
	GlobalSection(ProjectConfigurationPlatforms) = postSolution
		{6993D2A6-C7AC-4A39-BCCC-EE6625EE3A7C}.Debug|Any CPU.ActiveCfg = Debug|Any CPU
		{6993D2A6-C7AC-4A39-BCCC-EE6625EE3A7C}.Debug|Any CPU.Build.0 = Debug|Any CPU
		{6993D2A6-C7AC-4A39-BCCC-EE6625EE3A7C}.Release|Any CPU.ActiveCfg = Release|Any CPU
		{6993D2A6-C7AC-4A39-BCCC-EE6625EE3A7C}.Release|Any CPU.Build.0 = Release|Any CPU
		{3C3470E6-F3B2-4553-BF2E-E0571EC7CB2A}.Debug|Any CPU.ActiveCfg = Debug|Any CPU
		{3C3470E6-F3B2-4553-BF2E-E0571EC7CB2A}.Debug|Any CPU.Build.0 = Debug|Any CPU
		{3C3470E6-F3B2-4553-BF2E-E0571EC7CB2A}.Release|Any CPU.ActiveCfg = Release|Any CPU
		{3C3470E6-F3B2-4553-BF2E-E0571EC7CB2A}.Release|Any CPU.Build.0 = Release|Any CPU
		{88EEBBD7-A342-40AA-9B90-2A0F43FDDFBC}.Debug|Any CPU.ActiveCfg = Debug|Any CPU
		{88EEBBD7-A342-40AA-9B90-2A0F43FDDFBC}.Debug|Any CPU.Build.0 = Debug|Any CPU
		{88EEBBD7-A342-40AA-9B90-2A0F43FDDFBC}.Release|Any CPU.ActiveCfg = Release|Any CPU
		{88EEBBD7-A342-40AA-9B90-2A0F43FDDFBC}.Release|Any CPU.Build.0 = Release|Any CPU
	EndGlobalSection
	GlobalSection(SolutionProperties) = preSolution
		HideSolutionNode = FALSE
	EndGlobalSection
	GlobalSection(NestedProjects) = preSolution
		{6993D2A6-C7AC-4A39-BCCC-EE6625EE3A7C} = {02EA681E-C7D8-13C7-8484-4AC65E1B71E8}
		{3C3470E6-F3B2-4553-BF2E-E0571EC7CB2A} = {02EA681E-C7D8-13C7-8484-4AC65E1B71E8}
		{88EEBBD7-A342-40AA-9B90-2A0F43FDDFBC} = {02EA681E-C7D8-13C7-8484-4AC65E1B71E8}
	EndGlobalSection
	GlobalSection(ExtensibilityGlobals) = postSolution
		SolutionGuid = {96796B54-8F1D-4283-92D6-08C52CE42538}
	EndGlobalSection
EndGlobal
