
Microsoft Visual Studio Solution File, Format Version 12.00
# Visual Studio Version 17
VisualStudioVersion = 17.14.36414.22
MinimumVisualStudioVersion = 10.0.40219.1
Project("{2150E333-8FDC-42A3-9474-1A3956D46DE8}") = "Task0", "Task0", "{02EA681E-C7D8-13C7-8484-4AC65E1B71E8}"
EndProject
Project("{FAE04EC0-301F-11D3-BF4B-00C04F79EFBC}") = "Tyuiu.ArkhipovaMD.Sprint3.Task0.V27.Lib", "Tyuiu.ArkhipovaMD.Sprint3.Task0.V27.Lib\Tyuiu.ArkhipovaMD.Sprint3.Task0.V27.Lib.csproj", "{6993D2A6-C7AC-4A39-BCCC-EE6625EE3A7C}"
EndProject
Project("{FAE04EC0-301F-11D3-BF4B-00C04F79EFBC}") = "Tyuiu.ArkhipovaMD.Sprint3.Task0.V27.Test", "Tyuiu.ArkhipovaMD.Sprint3.Task0.V27.Test\Tyuiu.ArkhipovaMD.Sprint3.Task0.V27.Test.csproj", "{3C3470E6-F3B2-4553-BF2E-E0571EC7CB2A}"
EndProject
Project("{FAE04EC0-301F-11D3-BF4B-00C04F79EFBC}") = "Tyuiu.ArkhipovaMD.Sprint3.Task0.V27", "Tyuiu.ArkhipovaMD.Sprint3.Task0.V27\Tyuiu.ArkhipovaMD.Sprint3.Task0.V27.csproj", "{88EEBBD7-A342-40AA-9B90-2A0F43FDDFBC}"
EndProject
Project("{2150E333-8FDC-42A3-9474-1A3956D46DE8}") = "Task1", "Task1", "{D49898B0-222E-46BE-9248-9EDF230DCDD7}"
EndProject
Project("{FAE04EC0-301F-11D3-BF4B-00C04F79EFBC}") = "Tyuiu.ArkhipovaMD.Sprint3.Task1.V4.Lib", "Tyuiu.ArkhipovaMD.Sprint3.Task1.V4.Lib\Tyuiu.ArkhipovaMD.Sprint3.Task1.V4.Lib.csproj", "{D06D7F95-F00B-4DB3-A736-9BD8A707F88A}"
EndProject
Project("{FAE04EC0-301F-11D3-BF4B-00C04F79EFBC}") = "Tyuiu.ArkhipovaMD.Sprint3.Task1.V4.Test", "Tyuiu.ArkhipovaMD.Sprint3.Task1.V4.Test\Tyuiu.ArkhipovaMD.Sprint3.Task1.V4.Test.csproj", "{95CF0C84-83A1-42D4-A0E7-CAB8BA43E301}"
EndProject
Project("{FAE04EC0-301F-11D3-BF4B-00C04F79EFBC}") = "Tyuiu.ArkhipovaMD.Sprint3.Task1.V4", "Tyuiu.ArkhipovaMD.Sprint3.Task1.V4\Tyuiu.ArkhipovaMD.Sprint3.Task1.V4.csproj", "{2EFE9B75-D0CD-443D-975F-A202BD292D35}"
EndProject
Project("{2150E333-8FDC-42A3-9474-1A3956D46DE8}") = "Task2", "Task2", "{E75C2226-3E01-4790-8783-2A5A7AC14DBB}"
EndProject
Project("{FAE04EC0-301F-11D3-BF4B-00C04F79EFBC}") = "Tyuiu.ArkhipovaMD.Sprint3.Task2.V4.Lib", "Tyuiu.ArkhipovaMD.Sprint3.Task2.V4.Lib\Tyuiu.ArkhipovaMD.Sprint3.Task2.V4.Lib.csproj", "{58A89869-65EF-4805-B610-D06255A9310C}"
EndProject
Project("{FAE04EC0-301F-11D3-BF4B-00C04F79EFBC}") = "Tyuiu.ArkhipovaMD.Sprint3.Task2.V4.Test", "Tyuiu.ArkhipovaMD.Sprint3.Task2.V4.Test\Tyuiu.ArkhipovaMD.Sprint3.Task2.V4.Test.csproj", "{7BA9422F-92B1-4958-94AE-B94CAA00A94B}"
EndProject
Project("{FAE04EC0-301F-11D3-BF4B-00C04F79EFBC}") = "Tyuiu.ArkhipovaMD.Sprint3.Task2.V4", "Tyuiu.ArkhipovaMD.Sprint3.Task2.V4\Tyuiu.ArkhipovaMD.Sprint3.Task2.V4.csproj", "{8CB15B36-236F-4D5E-B1D6-518B09711B28}"
EndProject
Project("{2150E333-8FDC-42A3-9474-1A3956D46DE8}") = "Task3", "Task3", "{FA84BADF-D201-424C-9FC8-18C313E463FF}"
EndProject
Project("{FAE04EC0-301F-11D3-BF4B-00C04F79EFBC}") = "Tyuiu.ArkhipovaMD.Sprint3.Task3.V23.Lib", "Tyuiu.ArkhipovaMD.Sprint3.Task3.V23.Lib\Tyuiu.ArkhipovaMD.Sprint3.Task3.V23.Lib.csproj", "{CB80D8BF-5AE2-448A-8F39-1C07B8CC53E2}"
EndProject
Project("{FAE04EC0-301F-11D3-BF4B-00C04F79EFBC}") = "Tyuiu.ArkhipovaMD.Sprint3.Task3.V23.Test", "Tyuiu.ArkhipovaMD.Sprint3.Task3.V23.Test\Tyuiu.ArkhipovaMD.Sprint3.Task3.V23.Test.csproj", "{12B44414-3DD9-4238-A75B-97711BB70163}"
EndProject
Project("{FAE04EC0-301F-11D3-BF4B-00C04F79EFBC}") = "Tyuiu.ArkhipovaMD.Sprint3.Task3.V23", "Tyuiu.ArkhipovaMD.Sprint3.Task3.V23\Tyuiu.ArkhipovaMD.Sprint3.Task3.V23.csproj", "{08EB22C8-FE38-4DF8-B343-99847DB3CD98}"
EndProject
Global
	GlobalSection(SolutionConfigurationPlatforms) = preSolution
		Debug|Any CPU = Debug|Any CPU
		Release|Any CPU = Release|Any CPU
	EndGlobalSection
	GlobalSection(ProjectConfigurationPlatforms) = postSolution
		{6993D2A6-C7AC-4A39-BCCC-EE6625EE3A7C}.Debug|Any CPU.ActiveCfg = Debug|Any CPU
		{6993D2A6-C7AC-4A39-BCCC-EE6625EE3A7C}.Debug|Any CPU.Build.0 = Debug|Any CPU
		{6993D2A6-C7AC-4A39-BCCC-EE6625EE3A7C}.Release|Any CPU.ActiveCfg = Release|Any CPU
		{6993D2A6-C7AC-4A39-BCCC-EE6625EE3A7C}.Release|Any CPU.Build.0 = Release|Any CPU
		{3C3470E6-F3B2-4553-BF2E-E0571EC7CB2A}.Debug|Any CPU.ActiveCfg = Debug|Any CPU
		{3C3470E6-F3B2-4553-BF2E-E0571EC7CB2A}.Debug|Any CPU.Build.0 = Debug|Any CPU
		{3C3470E6-F3B2-4553-BF2E-E0571EC7CB2A}.Release|Any CPU.ActiveCfg = Release|Any CPU
		{3C3470E6-F3B2-4553-BF2E-E0571EC7CB2A}.Release|Any CPU.Build.0 = Release|Any CPU
		{88EEBBD7-A342-40AA-9B90-2A0F43FDDFBC}.Debug|Any CPU.ActiveCfg = Debug|Any CPU
		{88EEBBD7-A342-40AA-9B90-2A0F43FDDFBC}.Debug|Any CPU.Build.0 = Debug|Any CPU
		{88EEBBD7-A342-40AA-9B90-2A0F43FDDFBC}.Release|Any CPU.ActiveCfg = Release|Any CPU
		{88EEBBD7-A342-40AA-9B90-2A0F43FDDFBC}.Release|Any CPU.Build.0 = Release|Any CPU
		{D06D7F95-F00B-4DB3-A736-9BD8A707F88A}.Debug|Any CPU.ActiveCfg = Debug|Any CPU
		{D06D7F95-F00B-4DB3-A736-9BD8A707F88A}.Debug|Any CPU.Build.0 = Debug|Any CPU
		{D06D7F95-F00B-4DB3-A736-9BD8A707F88A}.Release|Any CPU.ActiveCfg = Release|Any CPU
		{D06D7F95-F00B-4DB3-A736-9BD8A707F88A}.Release|Any CPU.Build.0 = Release|Any CPU
		{95CF0C84-83A1-42D4-A0E7-CAB8BA43E301}.Debug|Any CPU.ActiveCfg = Debug|Any CPU
		{95CF0C84-83A1-42D4-A0E7-CAB8BA43E301}.Debug|Any CPU.Build.0 = Debug|Any CPU
		{95CF0C84-83A1-42D4-A0E7-CAB8BA43E301}.Release|Any CPU.ActiveCfg = Release|Any CPU
		{95CF0C84-83A1-42D4-A0E7-CAB8BA43E301}.Release|Any CPU.Build.0 = Release|Any CPU
		{2EFE9B75-D0CD-443D-975F-A202BD292D35}.Debug|Any CPU.ActiveCfg = Debug|Any CPU
		{2EFE9B75-D0CD-443D-975F-A202BD292D35}.Debug|Any CPU.Build.0 = Debug|Any CPU
		{2EFE9B75-D0CD-443D-975F-A202BD292D35}.Release|Any CPU.ActiveCfg = Release|Any CPU
		{2EFE9B75-D0CD-443D-975F-A202BD292D35}.Release|Any CPU.Build.0 = Release|Any CPU
		{58A89869-65EF-4805-B610-D06255A9310C}.Debug|Any CPU.ActiveCfg = Debug|Any CPU
		{58A89869-65EF-4805-B610-D06255A9310C}.Debug|Any CPU.Build.0 = Debug|Any CPU
		{58A89869-65EF-4805-B610-D06255A9310C}.Release|Any CPU.ActiveCfg = Release|Any CPU
		{58A89869-65EF-4805-B610-D06255A9310C}.Release|Any CPU.Build.0 = Release|Any CPU
		{7BA9422F-92B1-4958-94AE-B94CAA00A94B}.Debug|Any CPU.ActiveCfg = Debug|Any CPU
		{7BA9422F-92B1-4958-94AE-B94CAA00A94B}.Debug|Any CPU.Build.0 = Debug|Any CPU
		{7BA9422F-92B1-4958-94AE-B94CAA00A94B}.Release|Any CPU.ActiveCfg = Release|Any CPU
		{7BA9422F-92B1-4958-94AE-B94CAA00A94B}.Release|Any CPU.Build.0 = Release|Any CPU
		{8CB15B36-236F-4D5E-B1D6-518B09711B28}.Debug|Any CPU.ActiveCfg = Debug|Any CPU
		{8CB15B36-236F-4D5E-B1D6-518B09711B28}.Debug|Any CPU.Build.0 = Debug|Any CPU
		{8CB15B36-236F-4D5E-B1D6-518B09711B28}.Release|Any CPU.ActiveCfg = Release|Any CPU
		{8CB15B36-236F-4D5E-B1D6-518B09711B28}.Release|Any CPU.Build.0 = Release|Any CPU
		{CB80D8BF-5AE2-448A-8F39-1C07B8CC53E2}.Debug|Any CPU.ActiveCfg = Debug|Any CPU
		{CB80D8BF-5AE2-448A-8F39-1C07B8CC53E2}.Debug|Any CPU.Build.0 = Debug|Any CPU
		{CB80D8BF-5AE2-448A-8F39-1C07B8CC53E2}.Release|Any CPU.ActiveCfg = Release|Any CPU
		{CB80D8BF-5AE2-448A-8F39-1C07B8CC53E2}.Release|Any CPU.Build.0 = Release|Any CPU
		{12B44414-3DD9-4238-A75B-97711BB70163}.Debug|Any CPU.ActiveCfg = Debug|Any CPU
		{12B44414-3DD9-4238-A75B-97711BB70163}.Debug|Any CPU.Build.0 = Debug|Any CPU
		{12B44414-3DD9-4238-A75B-97711BB70163}.Release|Any CPU.ActiveCfg = Release|Any CPU
		{12B44414-3DD9-4238-A75B-97711BB70163}.Release|Any CPU.Build.0 = Release|Any CPU
		{08EB22C8-FE38-4DF8-B343-99847DB3CD98}.Debug|Any CPU.ActiveCfg = Debug|Any CPU
		{08EB22C8-FE38-4DF8-B343-99847DB3CD98}.Debug|Any CPU.Build.0 = Debug|Any CPU
		{08EB22C8-FE38-4DF8-B343-99847DB3CD98}.Release|Any CPU.ActiveCfg = Release|Any CPU
		{08EB22C8-FE38-4DF8-B343-99847DB3CD98}.Release|Any CPU.Build.0 = Release|Any CPU
	EndGlobalSection
	GlobalSection(SolutionProperties) = preSolution
		HideSolutionNode = FALSE
	EndGlobalSection
	GlobalSection(NestedProjects) = preSolution
		{6993D2A6-C7AC-4A39-BCCC-EE6625EE3A7C} = {02EA681E-C7D8-13C7-8484-4AC65E1B71E8}
		{3C3470E6-F3B2-4553-BF2E-E0571EC7CB2A} = {02EA681E-C7D8-13C7-8484-4AC65E1B71E8}
		{88EEBBD7-A342-40AA-9B90-2A0F43FDDFBC} = {02EA681E-C7D8-13C7-8484-4AC65E1B71E8}
		{D06D7F95-F00B-4DB3-A736-9BD8A707F88A} = {D49898B0-222E-46BE-9248-9EDF230DCDD7}
		{95CF0C84-83A1-42D4-A0E7-CAB8BA43E301} = {D49898B0-222E-46BE-9248-9EDF230DCDD7}
		{2EFE9B75-D0CD-443D-975F-A202BD292D35} = {D49898B0-222E-46BE-9248-9EDF230DCDD7}
		{58A89869-65EF-4805-B610-D06255A9310C} = {E75C2226-3E01-4790-8783-2A5A7AC14DBB}
		{7BA9422F-92B1-4958-94AE-B94CAA00A94B} = {E75C2226-3E01-4790-8783-2A5A7AC14DBB}
		{8CB15B36-236F-4D5E-B1D6-518B09711B28} = {E75C2226-3E01-4790-8783-2A5A7AC14DBB}
		{CB80D8BF-5AE2-448A-8F39-1C07B8CC53E2} = {FA84BADF-D201-424C-9FC8-18C313E463FF}
		{12B44414-3DD9-4238-A75B-97711BB70163} = {FA84BADF-D201-424C-9FC8-18C313E463FF}
		{08EB22C8-FE38-4DF8-B343-99847DB3CD98} = {FA84BADF-D201-424C-9FC8-18C313E463FF}
	EndGlobalSection
	GlobalSection(ExtensibilityGlobals) = postSolution
		SolutionGuid = {96796B54-8F1D-4283-92D6-08C52CE42538}
	EndGlobalSection
EndGlobal
